
Microsoft Visual Studio Solution File, Format Version 12.00
# Visual Studio Version 17
VisualStudioVersion = 17.0.32112.339
MinimumVisualStudioVersion = 10.0.40219.1
Project("{FAE04EC0-301F-11D3-BF4B-00C04F79EFBC}") = "WindowsFormsApp1", "WindowsFormsApp1\WindowsFormsApp1.csproj", "{C19CB93B-4905-4E05-8BBC-A36F49B8BD0B}"
EndProject
Global
	GlobalSection(SolutionConfigurationPlatforms) = preSolution
		Debug|Any CPU = Debug|Any CPU
		Release|Any CPU = Release|Any CPU
	EndGlobalSection
	GlobalSection(ProjectConfigurationPlatforms) = postSolution
		{C19CB93B-4905-4E05-8BBC-A36F49B8BD0B}.Debug|Any CPU.ActiveCfg = Debug|Any CPU
		{C19CB93B-4905-4E05-8BBC-A36F49B8BD0B}.Debug|Any CPU.Build.0 = Debug|Any CPU
		{C19CB93B-4905-4E05-8BBC-A36F49B8BD0B}.Release|Any CPU.ActiveCfg = Release|Any CPU
		{C19CB93B-4905-4E05-8BBC-A36F49B8BD0B}.Release|Any CPU.Build.0 = Release|Any CPU
	EndGlobalSection
	GlobalSection(SolutionProperties) = preSolution
		HideSolutionNode = FALSE
	EndGlobalSection
	GlobalSection(ExtensibilityGlobals) = postSolution
		SolutionGuid = {59FBD2E9-6EE2-41BB-B0F3-4A563620F109}
	EndGlobalSection
EndGlobal
