
Microsoft Visual Studio Solution File, Format Version 12.00
# Visual Studio Version 16
VisualStudioVersion = 16.0.32106.194
MinimumVisualStudioVersion = 10.0.40219.1
Project("{FAE04EC0-301F-11D3-BF4B-00C04F79EFBC}") = "WinFormsApp1", "WinFormsApp1\WinFormsApp1.csproj", "{B91AF535-F544-41DE-B988-0E4B20400D98}"
EndProject
Global
	GlobalSection(SolutionConfigurationPlatforms) = preSolution
		Debug|Any CPU = Debug|Any CPU
		Release|Any CPU = Release|Any CPU
	EndGlobalSection
	GlobalSection(ProjectConfigurationPlatforms) = postSolution
		{B91AF535-F544-41DE-B988-0E4B20400D98}.Debug|Any CPU.ActiveCfg = Debug|Any CPU
		{B91AF535-F544-41DE-B988-0E4B20400D98}.Debug|Any CPU.Build.0 = Debug|Any CPU
		{B91AF535-F544-41DE-B988-0E4B20400D98}.Release|Any CPU.ActiveCfg = Release|Any CPU
		{B91AF535-F544-41DE-B988-0E4B20400D98}.Release|Any CPU.Build.0 = Release|Any CPU
	EndGlobalSection
	GlobalSection(SolutionProperties) = preSolution
		HideSolutionNode = FALSE
	EndGlobalSection
	GlobalSection(ExtensibilityGlobals) = postSolution
		SolutionGuid = {7DADE102-7EEF-4E6F-8D40-CCA4FF3BE6A0}
	EndGlobalSection
EndGlobal
