
Microsoft Visual Studio Solution File, Format Version 12.00
# Visual Studio Version 16
VisualStudioVersion = 16.0.31702.278
MinimumVisualStudioVersion = 10.0.40219.1
Project("{FAE04EC0-301F-11D3-BF4B-00C04F79EFBC}") = "6 лаюа 1.1", "6 лаюа 1.1.csproj", "{374E7213-8183-490B-A998-E441048C3E48}"
EndProject
Global
	GlobalSection(SolutionConfigurationPlatforms) = preSolution
		Debug|Any CPU = Debug|Any CPU
		Release|Any CPU = Release|Any CPU
	EndGlobalSection
	GlobalSection(ProjectConfigurationPlatforms) = postSolution
		{374E7213-8183-490B-A998-E441048C3E48}.Debug|Any CPU.ActiveCfg = Debug|Any CPU
		{374E7213-8183-490B-A998-E441048C3E48}.Debug|Any CPU.Build.0 = Debug|Any CPU
		{374E7213-8183-490B-A998-E441048C3E48}.Release|Any CPU.ActiveCfg = Release|Any CPU
		{374E7213-8183-490B-A998-E441048C3E48}.Release|Any CPU.Build.0 = Release|Any CPU
	EndGlobalSection
	GlobalSection(SolutionProperties) = preSolution
		HideSolutionNode = FALSE
	EndGlobalSection
	GlobalSection(ExtensibilityGlobals) = postSolution
		SolutionGuid = {8011DD4D-1A91-4753-863A-891D1AA22A43}
	EndGlobalSection
EndGlobal
