
Microsoft Visual Studio Solution File, Format Version 12.00
# Visual Studio Version 16
VisualStudioVersion = 16.0.31702.278
MinimumVisualStudioVersion = 10.0.40219.1
Project("{FAE04EC0-301F-11D3-BF4B-00C04F79EFBC}") = "6 лба Оаип", "6 лба Оаип.csproj", "{18298BDA-5634-425A-8E6A-381B78DE654C}"
EndProject
Global
	GlobalSection(SolutionConfigurationPlatforms) = preSolution
		Debug|Any CPU = Debug|Any CPU
		Release|Any CPU = Release|Any CPU
	EndGlobalSection
	GlobalSection(ProjectConfigurationPlatforms) = postSolution
		{18298BDA-5634-425A-8E6A-381B78DE654C}.Debug|Any CPU.ActiveCfg = Debug|Any CPU
		{18298BDA-5634-425A-8E6A-381B78DE654C}.Debug|Any CPU.Build.0 = Debug|Any CPU
		{18298BDA-5634-425A-8E6A-381B78DE654C}.Release|Any CPU.ActiveCfg = Release|Any CPU
		{18298BDA-5634-425A-8E6A-381B78DE654C}.Release|Any CPU.Build.0 = Release|Any CPU
	EndGlobalSection
	GlobalSection(SolutionProperties) = preSolution
		HideSolutionNode = FALSE
	EndGlobalSection
	GlobalSection(ExtensibilityGlobals) = postSolution
		SolutionGuid = {82CACF97-4450-4DC3-BF51-9615D5E10BA5}
	EndGlobalSection
EndGlobal
