
Microsoft Visual Studio Solution File, Format Version 12.00
# Visual Studio Version 17
VisualStudioVersion = 17.0.32112.339
MinimumVisualStudioVersion = 10.0.40219.1
Project("{FAE04EC0-301F-11D3-BF4B-00C04F79EFBC}") = "WindowsFormsApp1", "WindowsFormsApp1\WindowsFormsApp1.csproj", "{D2840A7C-9B6C-499C-B1E1-FCE360A5DE9E}"
EndProject
Global
	GlobalSection(SolutionConfigurationPlatforms) = preSolution
		Debug|Any CPU = Debug|Any CPU
		Release|Any CPU = Release|Any CPU
	EndGlobalSection
	GlobalSection(ProjectConfigurationPlatforms) = postSolution
		{D2840A7C-9B6C-499C-B1E1-FCE360A5DE9E}.Debug|Any CPU.ActiveCfg = Debug|Any CPU
		{D2840A7C-9B6C-499C-B1E1-FCE360A5DE9E}.Debug|Any CPU.Build.0 = Debug|Any CPU
		{D2840A7C-9B6C-499C-B1E1-FCE360A5DE9E}.Release|Any CPU.ActiveCfg = Release|Any CPU
		{D2840A7C-9B6C-499C-B1E1-FCE360A5DE9E}.Release|Any CPU.Build.0 = Release|Any CPU
	EndGlobalSection
	GlobalSection(SolutionProperties) = preSolution
		HideSolutionNode = FALSE
	EndGlobalSection
	GlobalSection(ExtensibilityGlobals) = postSolution
		SolutionGuid = {30A0F60C-8597-4EAE-91DD-1826558BEEF2}
	EndGlobalSection
EndGlobal
